
Microsoft Visual Studio Solution File, Format Version 12.00
# Visual Studio Version 17
VisualStudioVersion = 17.3.32922.545
MinimumVisualStudioVersion = 10.0.40219.1
Project("{FAE04EC0-301F-11D3-BF4B-00C04F79EFBC}") = "QzDemo", "QzDemo\QzDemo.csproj", "{1DEF5860-516D-43C3-BCE9-A00A905CFDB4}"
EndProject
Project("{FAE04EC0-301F-11D3-BF4B-00C04F79EFBC}") = "QzDemo.Core", "QzDemo.Core\QzDemo.Core.csproj", "{5DD7DCDD-1CD8-4ED9-B195-5CB61860DF2B}"
EndProject
Project("{FAE04EC0-301F-11D3-BF4B-00C04F79EFBC}") = "QzDemo.Job", "QzDemo.Job\QzDemo.Job.csproj", "{95E11426-EE99-4A20-844F-765A2E06E7EF}"
EndProject
Global
	GlobalSection(SolutionConfigurationPlatforms) = preSolution
		Debug|Any CPU = Debug|Any CPU
		Release|Any CPU = Release|Any CPU
	EndGlobalSection
	GlobalSection(ProjectConfigurationPlatforms) = postSolution
		{1DEF5860-516D-43C3-BCE9-A00A905CFDB4}.Debug|Any CPU.ActiveCfg = Debug|Any CPU
		{1DEF5860-516D-43C3-BCE9-A00A905CFDB4}.Debug|Any CPU.Build.0 = Debug|Any CPU
		{1DEF5860-516D-43C3-BCE9-A00A905CFDB4}.Release|Any CPU.ActiveCfg = Release|Any CPU
		{1DEF5860-516D-43C3-BCE9-A00A905CFDB4}.Release|Any CPU.Build.0 = Release|Any CPU
		{5DD7DCDD-1CD8-4ED9-B195-5CB61860DF2B}.Debug|Any CPU.ActiveCfg = Debug|Any CPU
		{5DD7DCDD-1CD8-4ED9-B195-5CB61860DF2B}.Debug|Any CPU.Build.0 = Debug|Any CPU
		{5DD7DCDD-1CD8-4ED9-B195-5CB61860DF2B}.Release|Any CPU.ActiveCfg = Release|Any CPU
		{5DD7DCDD-1CD8-4ED9-B195-5CB61860DF2B}.Release|Any CPU.Build.0 = Release|Any CPU
		{95E11426-EE99-4A20-844F-765A2E06E7EF}.Debug|Any CPU.ActiveCfg = Debug|Any CPU
		{95E11426-EE99-4A20-844F-765A2E06E7EF}.Debug|Any CPU.Build.0 = Debug|Any CPU
		{95E11426-EE99-4A20-844F-765A2E06E7EF}.Release|Any CPU.ActiveCfg = Release|Any CPU
		{95E11426-EE99-4A20-844F-765A2E06E7EF}.Release|Any CPU.Build.0 = Release|Any CPU
	EndGlobalSection
	GlobalSection(SolutionProperties) = preSolution
		HideSolutionNode = FALSE
	EndGlobalSection
	GlobalSection(ExtensibilityGlobals) = postSolution
		SolutionGuid = {69949402-D9C8-47A1-8710-7DBE809537BC}
	EndGlobalSection
EndGlobal
